
Microsoft Visual Studio Solution File, Format Version 12.00
# Visual Studio Version 17
VisualStudioVersion = 17.14.36408.4 d17.14
MinimumVisualStudioVersion = 10.0.40219.1
Project("{FAE04EC0-301F-11D3-BF4B-00C04F79EFBC}") = "01-Laboratory-Exercise-1-YunosA", "01-Laboratory-Exercise-1-YunosA\01-Laboratory-Exercise-1-YunosA.csproj", "{DDA35016-1A88-4649-AEB5-E4F23C6ED1A6}"
EndProject
Global
	GlobalSection(SolutionConfigurationPlatforms) = preSolution
		Debug|Any CPU = Debug|Any CPU
		Release|Any CPU = Release|Any CPU
	EndGlobalSection
	GlobalSection(ProjectConfigurationPlatforms) = postSolution
		{DDA35016-1A88-4649-AEB5-E4F23C6ED1A6}.Debug|Any CPU.ActiveCfg = Debug|Any CPU
		{DDA35016-1A88-4649-AEB5-E4F23C6ED1A6}.Debug|Any CPU.Build.0 = Debug|Any CPU
		{DDA35016-1A88-4649-AEB5-E4F23C6ED1A6}.Release|Any CPU.ActiveCfg = Release|Any CPU
		{DDA35016-1A88-4649-AEB5-E4F23C6ED1A6}.Release|Any CPU.Build.0 = Release|Any CPU
	EndGlobalSection
	GlobalSection(SolutionProperties) = preSolution
		HideSolutionNode = FALSE
	EndGlobalSection
	GlobalSection(ExtensibilityGlobals) = postSolution
		SolutionGuid = {663CF6FF-B3CD-4DEB-A649-39E1DACE52A6}
	EndGlobalSection
EndGlobal
